
Microsoft Visual Studio Solution File, Format Version 12.00
# Visual Studio Version 17
VisualStudioVersion = 17.0.31903.59
MinimumVisualStudioVersion = 10.0.40219.1
Project("{FAE04EC0-301F-11D3-BF4B-00C04F79EFBC}") = "PrimeService", "PrimeService\PrimeService.csproj", "{40253360-C59B-4478-B170-5927DB015655}"
EndProject
Project("{FAE04EC0-301F-11D3-BF4B-00C04F79EFBC}") = "PrimeService.Tests", "PrimeService.Tests\PrimeService.Tests.csproj", "{FA9EDFBF-83CD-4DE4-A1B0-791A32840D6C}"
EndProject
Global
	GlobalSection(SolutionConfigurationPlatforms) = preSolution
		Debug|Any CPU = Debug|Any CPU
		Release|Any CPU = Release|Any CPU
	EndGlobalSection
	GlobalSection(SolutionProperties) = preSolution
		HideSolutionNode = FALSE
	EndGlobalSection
	GlobalSection(ProjectConfigurationPlatforms) = postSolution
		{40253360-C59B-4478-B170-5927DB015655}.Debug|Any CPU.ActiveCfg = Debug|Any CPU
		{40253360-C59B-4478-B170-5927DB015655}.Debug|Any CPU.Build.0 = Debug|Any CPU
		{40253360-C59B-4478-B170-5927DB015655}.Release|Any CPU.ActiveCfg = Release|Any CPU
		{40253360-C59B-4478-B170-5927DB015655}.Release|Any CPU.Build.0 = Release|Any CPU
		{FA9EDFBF-83CD-4DE4-A1B0-791A32840D6C}.Debug|Any CPU.ActiveCfg = Debug|Any CPU
		{FA9EDFBF-83CD-4DE4-A1B0-791A32840D6C}.Debug|Any CPU.Build.0 = Debug|Any CPU
		{FA9EDFBF-83CD-4DE4-A1B0-791A32840D6C}.Release|Any CPU.ActiveCfg = Release|Any CPU
		{FA9EDFBF-83CD-4DE4-A1B0-791A32840D6C}.Release|Any CPU.Build.0 = Release|Any CPU
	EndGlobalSection
EndGlobal
